
Microsoft Visual Studio Solution File, Format Version 12.00
# Visual Studio Version 18
VisualStudioVersion = 18.5.11723.231 stable
MinimumVisualStudioVersion = 10.0.40219.1
Project("{FAE04EC0-301F-11D3-BF4B-00C04F79EFBC}") = "iPodManager", "iPodManager.csproj", "{B0DD962D-4FCA-FFAB-0EFA-D4EAA4F4D07A}"
EndProject
Global
	GlobalSection(SolutionConfigurationPlatforms) = preSolution
		Debug|Any CPU = Debug|Any CPU
		Release|Any CPU = Release|Any CPU
	EndGlobalSection
	GlobalSection(ProjectConfigurationPlatforms) = postSolution
		{B0DD962D-4FCA-FFAB-0EFA-D4EAA4F4D07A}.Debug|Any CPU.ActiveCfg = Debug|Any CPU
		{B0DD962D-4FCA-FFAB-0EFA-D4EAA4F4D07A}.Debug|Any CPU.Build.0 = Debug|Any CPU
		{B0DD962D-4FCA-FFAB-0EFA-D4EAA4F4D07A}.Release|Any CPU.ActiveCfg = Release|Any CPU
		{B0DD962D-4FCA-FFAB-0EFA-D4EAA4F4D07A}.Release|Any CPU.Build.0 = Release|Any CPU
	EndGlobalSection
	GlobalSection(SolutionProperties) = preSolution
		HideSolutionNode = FALSE
	EndGlobalSection
	GlobalSection(ExtensibilityGlobals) = postSolution
		SolutionGuid = {578A02EF-E0B2-4328-900E-7440C988BB97}
	EndGlobalSection
EndGlobal
